// !$*UTF8*$!
{
	archiveVersion = 1;
	classes = {
	};
	objectVersion = 46;
	objects = {

/* Begin PBXBuildFile section */
		9432D2531CF5ABC300B72986 /* Sourcing.h in Headers */ = {isa = PBXBuildFile; fileRef = 9432D2521CF5ABC300B72986 /* Sourcing.h */; settings = {ATTRIBUTES = (Public, ); }; };
		9432D25A1CF5ABC300B72986 /* Sourcing.framework in Frameworks */ = {isa = PBXBuildFile; fileRef = 9432D24F1CF5ABC300B72986 /* Sourcing.framework */; };
		9432D26A1CF5AC7C00B72986 /* CollectionViewDataSource.swift in Sources */ = {isa = PBXBuildFile; fileRef = 9432D2691CF5AC7C00B72986 /* CollectionViewDataSource.swift */; };
		9432D26C1CF5ACC800B72986 /* ConfigurableCell.swift in Sources */ = {isa = PBXBuildFile; fileRef = 9432D26B1CF5ACC800B72986 /* ConfigurableCell.swift */; };
		9432D2711CF5ACE700B72986 /* DataProviding.swift in Sources */ = {isa = PBXBuildFile; fileRef = 9432D26E1CF5ACE700B72986 /* DataProviding.swift */; };
		9432D2791CF5AE2000B72986 /* CellConfiguring.swift in Sources */ = {isa = PBXBuildFile; fileRef = 9432D2781CF5AE2000B72986 /* CellConfiguring.swift */; };
		9432D27B1CF5AE6200B72986 /* CellConfiguration.swift in Sources */ = {isa = PBXBuildFile; fileRef = 9432D27A1CF5AE6200B72986 /* CellConfiguration.swift */; };
		943D00EA1E01AE040066328E /* FetchedResultsDataProvider.swift in Sources */ = {isa = PBXBuildFile; fileRef = 943D00E91E01AE040066328E /* FetchedResultsDataProvider.swift */; };
		945ABE841E0D678E001B42CE /* TableViewDataSource.swift in Sources */ = {isa = PBXBuildFile; fileRef = 945ABE831E0D678E001B42CE /* TableViewDataSource.swift */; };
		945ABE861E0D720F001B42CE /* TableViewDataSource_SingleCellTest.swift in Sources */ = {isa = PBXBuildFile; fileRef = 945ABE851E0D720F001B42CE /* TableViewDataSource_SingleCellTest.swift */; };
		945ABE881E0D731D001B42CE /* TableViewDataSource_MultiCellTest.swift in Sources */ = {isa = PBXBuildFile; fileRef = 945ABE871E0D731D001B42CE /* TableViewDataSource_MultiCellTest.swift */; };
		948E51C31CF8BA0400FFFD62 /* ArrayDataProvider.swift in Sources */ = {isa = PBXBuildFile; fileRef = 948E51C21CF8BA0400FFFD62 /* ArrayDataProvider.swift */; };
		94C903271E1D206200C0C56A /* FetchedResultsDataProviderTests.swift in Sources */ = {isa = PBXBuildFile; fileRef = 94C903261E1D206200C0C56A /* FetchedResultsDataProviderTests.swift */; };
		94C903291E1D20D300C0C56A /* DataModel.xcdatamodel in Sources */ = {isa = PBXBuildFile; fileRef = 94C903281E1D20D300C0C56A /* DataModel.xcdatamodel */; };
		94C9032C1E1D20E500C0C56A /* CDTrain+CoreDataProperties.swift in Sources */ = {isa = PBXBuildFile; fileRef = 94C9032A1E1D20E500C0C56A /* CDTrain+CoreDataProperties.swift */; };
		94C9032D1E1D20E500C0C56A /* CDTrain.swift in Sources */ = {isa = PBXBuildFile; fileRef = 94C9032B1E1D20E500C0C56A /* CDTrain.swift */; };
		94EBCFCC1E1A481500184FD5 /* AnyDataProvider.swift in Sources */ = {isa = PBXBuildFile; fileRef = 94EBCFCB1E1A481500184FD5 /* AnyDataProvider.swift */; };
		94EBCFCE1E1A4A4B00184FD5 /* AnyDataProviderTests.swift in Sources */ = {isa = PBXBuildFile; fileRef = 94EBCFCD1E1A4A4B00184FD5 /* AnyDataProviderTests.swift */; };
		C60BE64E1D6B21DC006B0364 /* CollectionViewDataSource_SingleCellTest.swift in Sources */ = {isa = PBXBuildFile; fileRef = C60BE64D1D6B21DC006B0364 /* CollectionViewDataSource_SingleCellTest.swift */; };
		C61307631E261CD6009BD8CD /* DataProviderMock.swift in Sources */ = {isa = PBXBuildFile; fileRef = C61307621E261CD6009BD8CD /* DataProviderMock.swift */; };
		C63610A51E40714C00417B45 /* DataModifying.swift in Sources */ = {isa = PBXBuildFile; fileRef = C63610A41E40714C00417B45 /* DataModifying.swift */; };
		C63610A71E4077C800417B45 /* DataModificatorMock.swift in Sources */ = {isa = PBXBuildFile; fileRef = C63610A61E4077C800417B45 /* DataModificatorMock.swift */; };
		C64CEDD11D741BF400027CBB /* ArrayDataProviding.swift in Sources */ = {isa = PBXBuildFile; fileRef = C64CEDD01D741BF400027CBB /* ArrayDataProviding.swift */; };
		C657EA8B1D6B15B30048B8E7 /* CollectionViewRepresenting.swift in Sources */ = {isa = PBXBuildFile; fileRef = C657EA8A1D6B15B30048B8E7 /* CollectionViewRepresenting.swift */; };
		C657EA8D1D6B18CE0048B8E7 /* UICollectionViewMock.swift in Sources */ = {isa = PBXBuildFile; fileRef = C657EA8C1D6B18CE0048B8E7 /* UICollectionViewMock.swift */; };
		C657EA8F1D6B19DF0048B8E7 /* UITableCollectionViewBaseMock.swift in Sources */ = {isa = PBXBuildFile; fileRef = C657EA8E1D6B19DF0048B8E7 /* UITableCollectionViewBaseMock.swift */; };
		C687C1B71E378D5C0089F561 /* CellIdentifierProviding.swift in Sources */ = {isa = PBXBuildFile; fileRef = C687C1B61E378D5C0089F561 /* CellIdentifierProviding.swift */; };
		C687C1B91E378E490089F561 /* UITableViewCellMock.swift in Sources */ = {isa = PBXBuildFile; fileRef = C687C1B81E378E490089F561 /* UITableViewCellMock.swift */; };
		C687C1BB1E378E940089F561 /* UICollectionViewCellMock.swift in Sources */ = {isa = PBXBuildFile; fileRef = C687C1BA1E378E940089F561 /* UICollectionViewCellMock.swift */; };
		C687C1BD1E378FDC0089F561 /* CellIdentifierProvidingTest.swift in Sources */ = {isa = PBXBuildFile; fileRef = C687C1BC1E378FDC0089F561 /* CellIdentifierProvidingTest.swift */; };
		C687C1BF1E379C120089F561 /* NSFetchedResultsSectionInfoMock.swift in Sources */ = {isa = PBXBuildFile; fileRef = C687C1BE1E379C120089F561 /* NSFetchedResultsSectionInfoMock.swift */; };
		C68BCBC11D59F02700C5E720 /* ArrayDataProviderTest.swift in Sources */ = {isa = PBXBuildFile; fileRef = C68BCBC01D59F02700C5E720 /* ArrayDataProviderTest.swift */; };
		C68BCBC31D5A1AEC00C5E720 /* TableViewRepresenting.swift in Sources */ = {isa = PBXBuildFile; fileRef = C68BCBC21D5A1AEC00C5E720 /* TableViewRepresenting.swift */; };
		C68BCBC61D5A1DE100C5E720 /* UITableViewMock.swift in Sources */ = {isa = PBXBuildFile; fileRef = C68BCBC51D5A1DE100C5E720 /* UITableViewMock.swift */; };
		C68BCBCC1D5B048200C5E720 /* BasicCellConfigurationTest.swift in Sources */ = {isa = PBXBuildFile; fileRef = C68BCBCB1D5B048200C5E720 /* BasicCellConfigurationTest.swift */; };
		C6AC23AF1D6EC127002917B0 /* CollectionViewDataSource_MultiCellTest.swift in Sources */ = {isa = PBXBuildFile; fileRef = C6AC23AE1D6EC127002917B0 /* CollectionViewDataSource_MultiCellTest.swift */; };
		C6F913181D506BC800B0535C /* DataProviderUpdate.swift in Sources */ = {isa = PBXBuildFile; fileRef = C6F913171D506BC800B0535C /* DataProviderUpdate.swift */; };
		C6F9131A1D506C1200B0535C /* StaticCellDequeable.swift in Sources */ = {isa = PBXBuildFile; fileRef = C6F913191D506C1200B0535C /* StaticCellDequeable.swift */; };
		C6FE99921E4DEEA800B02B17 /* BasicCellConfiguration.swift in Sources */ = {isa = PBXBuildFile; fileRef = C6FE99911E4DEEA800B02B17 /* BasicCellConfiguration.swift */; };
/* End PBXBuildFile section */

/* Begin PBXContainerItemProxy section */
		9432D25B1CF5ABC300B72986 /* PBXContainerItemProxy */ = {
			isa = PBXContainerItemProxy;
			containerPortal = 9432D2461CF5ABC300B72986 /* Project object */;
			proxyType = 1;
			remoteGlobalIDString = 9432D24E1CF5ABC300B72986;
			remoteInfo = Sourcing;
		};
/* End PBXContainerItemProxy section */

/* Begin PBXFileReference section */
		9432D24F1CF5ABC300B72986 /* Sourcing.framework */ = {isa = PBXFileReference; explicitFileType = wrapper.framework; includeInIndex = 0; path = Sourcing.framework; sourceTree = BUILT_PRODUCTS_DIR; };
		9432D2521CF5ABC300B72986 /* Sourcing.h */ = {isa = PBXFileReference; lastKnownFileType = sourcecode.c.h; path = Sourcing.h; sourceTree = "<group>"; };
		9432D2541CF5ABC300B72986 /* Info.plist */ = {isa = PBXFileReference; lastKnownFileType = text.plist.xml; path = Info.plist; sourceTree = "<group>"; };
		9432D2591CF5ABC300B72986 /* SourcingTests.xctest */ = {isa = PBXFileReference; explicitFileType = wrapper.cfbundle; includeInIndex = 0; path = SourcingTests.xctest; sourceTree = BUILT_PRODUCTS_DIR; };
		9432D2601CF5ABC300B72986 /* Info.plist */ = {isa = PBXFileReference; lastKnownFileType = text.plist.xml; name = Info.plist; path = SourcingTests/Info.plist; sourceTree = "<group>"; };
		9432D2691CF5AC7C00B72986 /* CollectionViewDataSource.swift */ = {isa = PBXFileReference; fileEncoding = 4; lastKnownFileType = sourcecode.swift; path = CollectionViewDataSource.swift; sourceTree = "<group>"; };
		9432D26B1CF5ACC800B72986 /* ConfigurableCell.swift */ = {isa = PBXFileReference; fileEncoding = 4; lastKnownFileType = sourcecode.swift; path = ConfigurableCell.swift; sourceTree = "<group>"; };
		9432D26E1CF5ACE700B72986 /* DataProviding.swift */ = {isa = PBXFileReference; fileEncoding = 4; lastKnownFileType = sourcecode.swift; path = DataProviding.swift; sourceTree = "<group>"; };
		9432D2781CF5AE2000B72986 /* CellConfiguring.swift */ = {isa = PBXFileReference; fileEncoding = 4; lastKnownFileType = sourcecode.swift; path = CellConfiguring.swift; sourceTree = "<group>"; };
		9432D27A1CF5AE6200B72986 /* CellConfiguration.swift */ = {isa = PBXFileReference; fileEncoding = 4; lastKnownFileType = sourcecode.swift; path = CellConfiguration.swift; sourceTree = "<group>"; };
		943D00E91E01AE040066328E /* FetchedResultsDataProvider.swift */ = {isa = PBXFileReference; fileEncoding = 4; lastKnownFileType = sourcecode.swift; path = FetchedResultsDataProvider.swift; sourceTree = "<group>"; };
		945ABE831E0D678E001B42CE /* TableViewDataSource.swift */ = {isa = PBXFileReference; fileEncoding = 4; lastKnownFileType = sourcecode.swift; path = TableViewDataSource.swift; sourceTree = "<group>"; };
		945ABE851E0D720F001B42CE /* TableViewDataSource_SingleCellTest.swift */ = {isa = PBXFileReference; fileEncoding = 4; lastKnownFileType = sourcecode.swift; path = TableViewDataSource_SingleCellTest.swift; sourceTree = "<group>"; };
		945ABE871E0D731D001B42CE /* TableViewDataSource_MultiCellTest.swift */ = {isa = PBXFileReference; fileEncoding = 4; lastKnownFileType = sourcecode.swift; path = TableViewDataSource_MultiCellTest.swift; sourceTree = "<group>"; };
		948E51C21CF8BA0400FFFD62 /* ArrayDataProvider.swift */ = {isa = PBXFileReference; fileEncoding = 4; lastKnownFileType = sourcecode.swift; path = ArrayDataProvider.swift; sourceTree = "<group>"; };
		94C903261E1D206200C0C56A /* FetchedResultsDataProviderTests.swift */ = {isa = PBXFileReference; fileEncoding = 4; lastKnownFileType = sourcecode.swift; path = FetchedResultsDataProviderTests.swift; sourceTree = "<group>"; };
		94C903281E1D20D300C0C56A /* DataModel.xcdatamodel */ = {isa = PBXFileReference; lastKnownFileType = wrapper.xcdatamodel; path = DataModel.xcdatamodel; sourceTree = "<group>"; };
		94C9032A1E1D20E500C0C56A /* CDTrain+CoreDataProperties.swift */ = {isa = PBXFileReference; fileEncoding = 4; lastKnownFileType = sourcecode.swift; path = "CDTrain+CoreDataProperties.swift"; sourceTree = "<group>"; };
		94C9032B1E1D20E500C0C56A /* CDTrain.swift */ = {isa = PBXFileReference; fileEncoding = 4; lastKnownFileType = sourcecode.swift; path = CDTrain.swift; sourceTree = "<group>"; };
		94EBCFCB1E1A481500184FD5 /* AnyDataProvider.swift */ = {isa = PBXFileReference; fileEncoding = 4; lastKnownFileType = sourcecode.swift; path = AnyDataProvider.swift; sourceTree = "<group>"; };
		94EBCFCD1E1A4A4B00184FD5 /* AnyDataProviderTests.swift */ = {isa = PBXFileReference; fileEncoding = 4; lastKnownFileType = sourcecode.swift; path = AnyDataProviderTests.swift; sourceTree = "<group>"; };
		C60BE64D1D6B21DC006B0364 /* CollectionViewDataSource_SingleCellTest.swift */ = {isa = PBXFileReference; fileEncoding = 4; lastKnownFileType = sourcecode.swift; path = CollectionViewDataSource_SingleCellTest.swift; sourceTree = "<group>"; };
		C61307621E261CD6009BD8CD /* DataProviderMock.swift */ = {isa = PBXFileReference; fileEncoding = 4; lastKnownFileType = sourcecode.swift; path = DataProviderMock.swift; sourceTree = "<group>"; };
		C63610A41E40714C00417B45 /* DataModifying.swift */ = {isa = PBXFileReference; fileEncoding = 4; lastKnownFileType = sourcecode.swift; path = DataModifying.swift; sourceTree = "<group>"; };
		C63610A61E4077C800417B45 /* DataModificatorMock.swift */ = {isa = PBXFileReference; fileEncoding = 4; lastKnownFileType = sourcecode.swift; path = DataModificatorMock.swift; sourceTree = "<group>"; };
		C64CEDD01D741BF400027CBB /* ArrayDataProviding.swift */ = {isa = PBXFileReference; fileEncoding = 4; lastKnownFileType = sourcecode.swift; path = ArrayDataProviding.swift; sourceTree = "<group>"; };
		C657EA8A1D6B15B30048B8E7 /* CollectionViewRepresenting.swift */ = {isa = PBXFileReference; fileEncoding = 4; lastKnownFileType = sourcecode.swift; path = CollectionViewRepresenting.swift; sourceTree = "<group>"; };
		C657EA8C1D6B18CE0048B8E7 /* UICollectionViewMock.swift */ = {isa = PBXFileReference; fileEncoding = 4; lastKnownFileType = sourcecode.swift; path = UICollectionViewMock.swift; sourceTree = "<group>"; };
		C657EA8E1D6B19DF0048B8E7 /* UITableCollectionViewBaseMock.swift */ = {isa = PBXFileReference; fileEncoding = 4; lastKnownFileType = sourcecode.swift; path = UITableCollectionViewBaseMock.swift; sourceTree = "<group>"; };
		C687C1B61E378D5C0089F561 /* CellIdentifierProviding.swift */ = {isa = PBXFileReference; fileEncoding = 4; lastKnownFileType = sourcecode.swift; path = CellIdentifierProviding.swift; sourceTree = "<group>"; };
		C687C1B81E378E490089F561 /* UITableViewCellMock.swift */ = {isa = PBXFileReference; fileEncoding = 4; lastKnownFileType = sourcecode.swift; path = UITableViewCellMock.swift; sourceTree = "<group>"; };
		C687C1BA1E378E940089F561 /* UICollectionViewCellMock.swift */ = {isa = PBXFileReference; fileEncoding = 4; lastKnownFileType = sourcecode.swift; path = UICollectionViewCellMock.swift; sourceTree = "<group>"; };
		C687C1BC1E378FDC0089F561 /* CellIdentifierProvidingTest.swift */ = {isa = PBXFileReference; fileEncoding = 4; lastKnownFileType = sourcecode.swift; path = CellIdentifierProvidingTest.swift; sourceTree = "<group>"; };
		C687C1BE1E379C120089F561 /* NSFetchedResultsSectionInfoMock.swift */ = {isa = PBXFileReference; fileEncoding = 4; lastKnownFileType = sourcecode.swift; path = NSFetchedResultsSectionInfoMock.swift; sourceTree = "<group>"; };
		C68BCBC01D59F02700C5E720 /* ArrayDataProviderTest.swift */ = {isa = PBXFileReference; fileEncoding = 4; lastKnownFileType = sourcecode.swift; path = ArrayDataProviderTest.swift; sourceTree = "<group>"; };
		C68BCBC21D5A1AEC00C5E720 /* TableViewRepresenting.swift */ = {isa = PBXFileReference; fileEncoding = 4; lastKnownFileType = sourcecode.swift; path = TableViewRepresenting.swift; sourceTree = "<group>"; };
		C68BCBC51D5A1DE100C5E720 /* UITableViewMock.swift */ = {isa = PBXFileReference; fileEncoding = 4; lastKnownFileType = sourcecode.swift; path = UITableViewMock.swift; sourceTree = "<group>"; };
		C68BCBCB1D5B048200C5E720 /* BasicCellConfigurationTest.swift */ = {isa = PBXFileReference; fileEncoding = 4; lastKnownFileType = sourcecode.swift; path = BasicCellConfigurationTest.swift; sourceTree = "<group>"; };
		C6AC23AE1D6EC127002917B0 /* CollectionViewDataSource_MultiCellTest.swift */ = {isa = PBXFileReference; fileEncoding = 4; lastKnownFileType = sourcecode.swift; path = CollectionViewDataSource_MultiCellTest.swift; sourceTree = "<group>"; };
		C6F913171D506BC800B0535C /* DataProviderUpdate.swift */ = {isa = PBXFileReference; fileEncoding = 4; lastKnownFileType = sourcecode.swift; path = DataProviderUpdate.swift; sourceTree = "<group>"; };
		C6F913191D506C1200B0535C /* StaticCellDequeable.swift */ = {isa = PBXFileReference; fileEncoding = 4; lastKnownFileType = sourcecode.swift; path = StaticCellDequeable.swift; sourceTree = "<group>"; };
		C6FE99911E4DEEA800B02B17 /* BasicCellConfiguration.swift */ = {isa = PBXFileReference; fileEncoding = 4; lastKnownFileType = sourcecode.swift; path = BasicCellConfiguration.swift; sourceTree = "<group>"; };
/* End PBXFileReference section */

/* Begin PBXFrameworksBuildPhase section */
		9432D24B1CF5ABC300B72986 /* Frameworks */ = {
			isa = PBXFrameworksBuildPhase;
			buildActionMask = 2147483647;
			files = (
			);
			runOnlyForDeploymentPostprocessing = 0;
		};
		9432D2561CF5ABC300B72986 /* Frameworks */ = {
			isa = PBXFrameworksBuildPhase;
			buildActionMask = 2147483647;
			files = (
				9432D25A1CF5ABC300B72986 /* Sourcing.framework in Frameworks */,
			);
			runOnlyForDeploymentPostprocessing = 0;
		};
/* End PBXFrameworksBuildPhase section */

/* Begin PBXGroup section */
		9432D2451CF5ABC300B72986 = {
			isa = PBXGroup;
			children = (
				9432D2511CF5ABC300B72986 /* Sourcing */,
				9432D25D1CF5ABC300B72986 /* SourcingTests */,
				9432D2601CF5ABC300B72986 /* Info.plist */,
				9432D2501CF5ABC300B72986 /* Products */,
			);
			sourceTree = "<group>";
		};
		9432D2501CF5ABC300B72986 /* Products */ = {
			isa = PBXGroup;
			children = (
				9432D24F1CF5ABC300B72986 /* Sourcing.framework */,
				9432D2591CF5ABC300B72986 /* SourcingTests.xctest */,
			);
			name = Products;
			sourceTree = "<group>";
		};
		9432D2511CF5ABC300B72986 /* Sourcing */ = {
			isa = PBXGroup;
			children = (
				C6F9131D1D5072B400B0535C /* DataProvider */,
				C6FAE1631E2E201E00928D6B /* Cell */,
				C6FAE1621E2E200500928D6B /* DataSource */,
				9432D2521CF5ABC300B72986 /* Sourcing.h */,
				9432D2541CF5ABC300B72986 /* Info.plist */,
			);
			path = Sourcing;
			sourceTree = "<group>";
		};
		9432D25D1CF5ABC300B72986 /* SourcingTests */ = {
			isa = PBXGroup;
			children = (
				C68BCBC41D5A1DD000C5E720 /* Mocks */,
				945727A11E16BF7800024C65 /* Tests */,
			);
			path = SourcingTests;
			sourceTree = "<group>";
		};
		945727A11E16BF7800024C65 /* Tests */ = {
			isa = PBXGroup;
			children = (
				945ABE851E0D720F001B42CE /* TableViewDataSource_SingleCellTest.swift */,
				945ABE871E0D731D001B42CE /* TableViewDataSource_MultiCellTest.swift */,
				C68BCBC01D59F02700C5E720 /* ArrayDataProviderTest.swift */,
				C60BE64D1D6B21DC006B0364 /* CollectionViewDataSource_SingleCellTest.swift */,
				C6AC23AE1D6EC127002917B0 /* CollectionViewDataSource_MultiCellTest.swift */,
				C68BCBCB1D5B048200C5E720 /* BasicCellConfigurationTest.swift */,
				94EBCFCD1E1A4A4B00184FD5 /* AnyDataProviderTests.swift */,
				94C903261E1D206200C0C56A /* FetchedResultsDataProviderTests.swift */,
				C687C1BC1E378FDC0089F561 /* CellIdentifierProvidingTest.swift */,
			);
			name = Tests;
			sourceTree = "<group>";
		};
		C68BCBC41D5A1DD000C5E720 /* Mocks */ = {
			isa = PBXGroup;
			children = (
				C61307621E261CD6009BD8CD /* DataProviderMock.swift */,
				C63610A61E4077C800417B45 /* DataModificatorMock.swift */,
				C68BCBC51D5A1DE100C5E720 /* UITableViewMock.swift */,
				C657EA8C1D6B18CE0048B8E7 /* UICollectionViewMock.swift */,
				C657EA8E1D6B19DF0048B8E7 /* UITableCollectionViewBaseMock.swift */,
				94C903281E1D20D300C0C56A /* DataModel.xcdatamodel */,
				94C9032A1E1D20E500C0C56A /* CDTrain+CoreDataProperties.swift */,
				94C9032B1E1D20E500C0C56A /* CDTrain.swift */,
				C687C1B81E378E490089F561 /* UITableViewCellMock.swift */,
				C687C1BA1E378E940089F561 /* UICollectionViewCellMock.swift */,
				C687C1BE1E379C120089F561 /* NSFetchedResultsSectionInfoMock.swift */,
			);
			name = Mocks;
			sourceTree = "<group>";
		};
		C6F9131D1D5072B400B0535C /* DataProvider */ = {
			isa = PBXGroup;
			children = (
				C63610A41E40714C00417B45 /* DataModifying.swift */,
				9432D26E1CF5ACE700B72986 /* DataProviding.swift */,
				94EBCFCB1E1A481500184FD5 /* AnyDataProvider.swift */,
				C64CEDD01D741BF400027CBB /* ArrayDataProviding.swift */,
				948E51C21CF8BA0400FFFD62 /* ArrayDataProvider.swift */,
				C6F913171D506BC800B0535C /* DataProviderUpdate.swift */,
				943D00E91E01AE040066328E /* FetchedResultsDataProvider.swift */,
			);
			name = DataProvider;
			sourceTree = "<group>";
		};
		C6FAE1621E2E200500928D6B /* DataSource */ = {
			isa = PBXGroup;
			children = (
				C68BCBC21D5A1AEC00C5E720 /* TableViewRepresenting.swift */,
				C657EA8A1D6B15B30048B8E7 /* CollectionViewRepresenting.swift */,
				945ABE831E0D678E001B42CE /* TableViewDataSource.swift */,
				9432D2691CF5AC7C00B72986 /* CollectionViewDataSource.swift */,
			);
			name = DataSource;
			sourceTree = "<group>";
		};
		C6FAE1631E2E201E00928D6B /* Cell */ = {
			isa = PBXGroup;
			children = (
				C6F913191D506C1200B0535C /* StaticCellDequeable.swift */,
				C6FE99911E4DEEA800B02B17 /* BasicCellConfiguration.swift */,
				9432D27A1CF5AE6200B72986 /* CellConfiguration.swift */,
				9432D26B1CF5ACC800B72986 /* ConfigurableCell.swift */,
				9432D2781CF5AE2000B72986 /* CellConfiguring.swift */,
				C687C1B61E378D5C0089F561 /* CellIdentifierProviding.swift */,
			);
			name = Cell;
			sourceTree = "<group>";
		};
/* End PBXGroup section */

/* Begin PBXHeadersBuildPhase section */
		9432D24C1CF5ABC300B72986 /* Headers */ = {
			isa = PBXHeadersBuildPhase;
			buildActionMask = 2147483647;
			files = (
				9432D2531CF5ABC300B72986 /* Sourcing.h in Headers */,
			);
			runOnlyForDeploymentPostprocessing = 0;
		};
/* End PBXHeadersBuildPhase section */

/* Begin PBXNativeTarget section */
		9432D24E1CF5ABC300B72986 /* Sourcing */ = {
			isa = PBXNativeTarget;
			buildConfigurationList = 9432D2631CF5ABC300B72986 /* Build configuration list for PBXNativeTarget "Sourcing" */;
			buildPhases = (
				9432D24A1CF5ABC300B72986 /* Sources */,
				9432D24B1CF5ABC300B72986 /* Frameworks */,
				9432D24C1CF5ABC300B72986 /* Headers */,
				9432D24D1CF5ABC300B72986 /* Resources */,
			);
			buildRules = (
			);
			dependencies = (
			);
			name = Sourcing;
			productName = Sourcing;
			productReference = 9432D24F1CF5ABC300B72986 /* Sourcing.framework */;
			productType = "com.apple.product-type.framework";
		};
		9432D2581CF5ABC300B72986 /* SourcingTests */ = {
			isa = PBXNativeTarget;
			buildConfigurationList = 9432D2661CF5ABC300B72986 /* Build configuration list for PBXNativeTarget "SourcingTests" */;
			buildPhases = (
				9432D2551CF5ABC300B72986 /* Sources */,
				9432D2561CF5ABC300B72986 /* Frameworks */,
				9432D2571CF5ABC300B72986 /* Resources */,
			);
			buildRules = (
			);
			dependencies = (
				9432D25C1CF5ABC300B72986 /* PBXTargetDependency */,
			);
			name = SourcingTests;
			productName = SourcingTests;
			productReference = 9432D2591CF5ABC300B72986 /* SourcingTests.xctest */;
			productType = "com.apple.product-type.bundle.unit-test";
		};
/* End PBXNativeTarget section */

/* Begin PBXProject section */
		9432D2461CF5ABC300B72986 /* Project object */ = {
			isa = PBXProject;
			attributes = {
				LastSwiftUpdateCheck = 0730;
				LastUpgradeCheck = 0800;
				ORGANIZATIONNAME = "Lukas Schmidt";
				TargetAttributes = {
					9432D24E1CF5ABC300B72986 = {
						CreatedOnToolsVersion = 7.3.1;
						LastSwiftMigration = 0800;
					};
					9432D2581CF5ABC300B72986 = {
						CreatedOnToolsVersion = 7.3.1;
						LastSwiftMigration = 0800;
					};
				};
			};
			buildConfigurationList = 9432D2491CF5ABC300B72986 /* Build configuration list for PBXProject "Sourcing" */;
			compatibilityVersion = "Xcode 3.2";
			developmentRegion = English;
			hasScannedForEncodings = 0;
			knownRegions = (
				en,
			);
			mainGroup = 9432D2451CF5ABC300B72986;
			productRefGroup = 9432D2501CF5ABC300B72986 /* Products */;
			projectDirPath = "";
			projectRoot = "";
			targets = (
				9432D24E1CF5ABC300B72986 /* Sourcing */,
				9432D2581CF5ABC300B72986 /* SourcingTests */,
			);
		};
/* End PBXProject section */

/* Begin PBXResourcesBuildPhase section */
		9432D24D1CF5ABC300B72986 /* Resources */ = {
			isa = PBXResourcesBuildPhase;
			buildActionMask = 2147483647;
			files = (
			);
			runOnlyForDeploymentPostprocessing = 0;
		};
		9432D2571CF5ABC300B72986 /* Resources */ = {
			isa = PBXResourcesBuildPhase;
			buildActionMask = 2147483647;
			files = (
			);
			runOnlyForDeploymentPostprocessing = 0;
		};
/* End PBXResourcesBuildPhase section */

/* Begin PBXSourcesBuildPhase section */
		9432D24A1CF5ABC300B72986 /* Sources */ = {
			isa = PBXSourcesBuildPhase;
			buildActionMask = 2147483647;
			files = (
				C6F913181D506BC800B0535C /* DataProviderUpdate.swift in Sources */,
				945ABE841E0D678E001B42CE /* TableViewDataSource.swift in Sources */,
				9432D26C1CF5ACC800B72986 /* ConfigurableCell.swift in Sources */,
				C68BCBC31D5A1AEC00C5E720 /* TableViewRepresenting.swift in Sources */,
				94EBCFCC1E1A481500184FD5 /* AnyDataProvider.swift in Sources */,
				943D00EA1E01AE040066328E /* FetchedResultsDataProvider.swift in Sources */,
				C64CEDD11D741BF400027CBB /* ArrayDataProviding.swift in Sources */,
				9432D2711CF5ACE700B72986 /* DataProviding.swift in Sources */,
				9432D27B1CF5AE6200B72986 /* CellConfiguration.swift in Sources */,
				C6FE99921E4DEEA800B02B17 /* BasicCellConfiguration.swift in Sources */,
				C63610A51E40714C00417B45 /* DataModifying.swift in Sources */,
				9432D2791CF5AE2000B72986 /* CellConfiguring.swift in Sources */,
				C657EA8B1D6B15B30048B8E7 /* CollectionViewRepresenting.swift in Sources */,
				C687C1B71E378D5C0089F561 /* CellIdentifierProviding.swift in Sources */,
				C6F9131A1D506C1200B0535C /* StaticCellDequeable.swift in Sources */,
				948E51C31CF8BA0400FFFD62 /* ArrayDataProvider.swift in Sources */,
				9432D26A1CF5AC7C00B72986 /* CollectionViewDataSource.swift in Sources */,
			);
			runOnlyForDeploymentPostprocessing = 0;
		};
		9432D2551CF5ABC300B72986 /* Sources */ = {
			isa = PBXSourcesBuildPhase;
			buildActionMask = 2147483647;
			files = (
				C61307631E261CD6009BD8CD /* DataProviderMock.swift in Sources */,
				C657EA8F1D6B19DF0048B8E7 /* UITableCollectionViewBaseMock.swift in Sources */,
				945ABE881E0D731D001B42CE /* TableViewDataSource_MultiCellTest.swift in Sources */,
				C68BCBC11D59F02700C5E720 /* ArrayDataProviderTest.swift in Sources */,
				C60BE64E1D6B21DC006B0364 /* CollectionViewDataSource_SingleCellTest.swift in Sources */,
				C6AC23AF1D6EC127002917B0 /* CollectionViewDataSource_MultiCellTest.swift in Sources */,
				C687C1BF1E379C120089F561 /* NSFetchedResultsSectionInfoMock.swift in Sources */,
				945ABE861E0D720F001B42CE /* TableViewDataSource_SingleCellTest.swift in Sources */,
				94C9032D1E1D20E500C0C56A /* CDTrain.swift in Sources */,
				C687C1BB1E378E940089F561 /* UICollectionViewCellMock.swift in Sources */,
				C687C1BD1E378FDC0089F561 /* CellIdentifierProvidingTest.swift in Sources */,
				C68BCBCC1D5B048200C5E720 /* BasicCellConfigurationTest.swift in Sources */,
				94C9032C1E1D20E500C0C56A /* CDTrain+CoreDataProperties.swift in Sources */,
				C687C1B91E378E490089F561 /* UITableViewCellMock.swift in Sources */,
				94C903291E1D20D300C0C56A /* DataModel.xcdatamodel in Sources */,
				C657EA8D1D6B18CE0048B8E7 /* UICollectionViewMock.swift in Sources */,
				94C903271E1D206200C0C56A /* FetchedResultsDataProviderTests.swift in Sources */,
				C68BCBC61D5A1DE100C5E720 /* UITableViewMock.swift in Sources */,
				94EBCFCE1E1A4A4B00184FD5 /* AnyDataProviderTests.swift in Sources */,
				C63610A71E4077C800417B45 /* DataModificatorMock.swift in Sources */,
			);
			runOnlyForDeploymentPostprocessing = 0;
		};
/* End PBXSourcesBuildPhase section */

/* Begin PBXTargetDependency section */
		9432D25C1CF5ABC300B72986 /* PBXTargetDependency */ = {
			isa = PBXTargetDependency;
			target = 9432D24E1CF5ABC300B72986 /* Sourcing */;
			targetProxy = 9432D25B1CF5ABC300B72986 /* PBXContainerItemProxy */;
		};
/* End PBXTargetDependency section */

/* Begin XCBuildConfiguration section */
		9432D2611CF5ABC300B72986 /* Debug */ = {
			isa = XCBuildConfiguration;
			buildSettings = {
				ALWAYS_SEARCH_USER_PATHS = NO;
				CLANG_ANALYZER_NONNULL = YES;
				CLANG_CXX_LANGUAGE_STANDARD = "gnu++0x";
				CLANG_CXX_LIBRARY = "libc++";
				CLANG_ENABLE_MODULES = YES;
				CLANG_ENABLE_OBJC_ARC = YES;
				CLANG_WARN_BOOL_CONVERSION = YES;
				CLANG_WARN_CONSTANT_CONVERSION = YES;
				CLANG_WARN_DIRECT_OBJC_ISA_USAGE = YES_ERROR;
				CLANG_WARN_EMPTY_BODY = YES;
				CLANG_WARN_ENUM_CONVERSION = YES;
				CLANG_WARN_INFINITE_RECURSION = YES;
				CLANG_WARN_INT_CONVERSION = YES;
				CLANG_WARN_OBJC_ROOT_CLASS = YES_ERROR;
				CLANG_WARN_SUSPICIOUS_MOVE = YES;
				CLANG_WARN_UNREACHABLE_CODE = YES;
				CLANG_WARN__DUPLICATE_METHOD_MATCH = YES;
				"CODE_SIGN_IDENTITY[sdk=iphoneos*]" = "iPhone Developer";
				COPY_PHASE_STRIP = NO;
				CURRENT_PROJECT_VERSION = 1;
				DEBUG_INFORMATION_FORMAT = dwarf;
				ENABLE_STRICT_OBJC_MSGSEND = YES;
				ENABLE_TESTABILITY = YES;
				GCC_C_LANGUAGE_STANDARD = gnu99;
				GCC_DYNAMIC_NO_PIC = NO;
				GCC_NO_COMMON_BLOCKS = YES;
				GCC_OPTIMIZATION_LEVEL = 0;
				GCC_PREPROCESSOR_DEFINITIONS = (
					"DEBUG=1",
					"$(inherited)",
				);
				GCC_WARN_64_TO_32_BIT_CONVERSION = YES;
				GCC_WARN_ABOUT_RETURN_TYPE = YES_ERROR;
				GCC_WARN_UNDECLARED_SELECTOR = YES;
				GCC_WARN_UNINITIALIZED_AUTOS = YES_AGGRESSIVE;
				GCC_WARN_UNUSED_FUNCTION = YES;
				GCC_WARN_UNUSED_VARIABLE = YES;
				IPHONEOS_DEPLOYMENT_TARGET = 9.3;
				MTL_ENABLE_DEBUG_INFO = YES;
				ONLY_ACTIVE_ARCH = YES;
				SDKROOT = iphoneos;
				SWIFT_OPTIMIZATION_LEVEL = "-Onone";
				SWIFT_VERSION = 3.0;
				TARGETED_DEVICE_FAMILY = "1,2";
				VERSIONING_SYSTEM = "apple-generic";
				VERSION_INFO_PREFIX = "";
			};
			name = Debug;
		};
		9432D2621CF5ABC300B72986 /* Release */ = {
			isa = XCBuildConfiguration;
			buildSettings = {
				ALWAYS_SEARCH_USER_PATHS = NO;
				CLANG_ANALYZER_NONNULL = YES;
				CLANG_CXX_LANGUAGE_STANDARD = "gnu++0x";
				CLANG_CXX_LIBRARY = "libc++";
				CLANG_ENABLE_MODULES = YES;
				CLANG_ENABLE_OBJC_ARC = YES;
				CLANG_WARN_BOOL_CONVERSION = YES;
				CLANG_WARN_CONSTANT_CONVERSION = YES;
				CLANG_WARN_DIRECT_OBJC_ISA_USAGE = YES_ERROR;
				CLANG_WARN_EMPTY_BODY = YES;
				CLANG_WARN_ENUM_CONVERSION = YES;
				CLANG_WARN_INFINITE_RECURSION = YES;
				CLANG_WARN_INT_CONVERSION = YES;
				CLANG_WARN_OBJC_ROOT_CLASS = YES_ERROR;
				CLANG_WARN_SUSPICIOUS_MOVE = YES;
				CLANG_WARN_UNREACHABLE_CODE = YES;
				CLANG_WARN__DUPLICATE_METHOD_MATCH = YES;
				"CODE_SIGN_IDENTITY[sdk=iphoneos*]" = "iPhone Developer";
				COPY_PHASE_STRIP = NO;
				CURRENT_PROJECT_VERSION = 1;
				DEBUG_INFORMATION_FORMAT = "dwarf-with-dsym";
				ENABLE_NS_ASSERTIONS = NO;
				ENABLE_STRICT_OBJC_MSGSEND = YES;
				GCC_C_LANGUAGE_STANDARD = gnu99;
				GCC_NO_COMMON_BLOCKS = YES;
				GCC_WARN_64_TO_32_BIT_CONVERSION = YES;
				GCC_WARN_ABOUT_RETURN_TYPE = YES_ERROR;
				GCC_WARN_UNDECLARED_SELECTOR = YES;
				GCC_WARN_UNINITIALIZED_AUTOS = YES_AGGRESSIVE;
				GCC_WARN_UNUSED_FUNCTION = YES;
				GCC_WARN_UNUSED_VARIABLE = YES;
				IPHONEOS_DEPLOYMENT_TARGET = 9.3;
				MTL_ENABLE_DEBUG_INFO = NO;
				SDKROOT = iphoneos;
				SWIFT_OPTIMIZATION_LEVEL = "-Owholemodule";
				SWIFT_VERSION = 3.0;
				TARGETED_DEVICE_FAMILY = "1,2";
				VALIDATE_PRODUCT = YES;
				VERSIONING_SYSTEM = "apple-generic";
				VERSION_INFO_PREFIX = "";
			};
			name = Release;
		};
		9432D2641CF5ABC300B72986 /* Debug */ = {
			isa = XCBuildConfiguration;
			buildSettings = {
				CLANG_ENABLE_MODULES = YES;
				"CODE_SIGN_IDENTITY[sdk=iphoneos*]" = "";
				DEFINES_MODULE = YES;
				DYLIB_COMPATIBILITY_VERSION = 1;
				DYLIB_CURRENT_VERSION = 1;
				DYLIB_INSTALL_NAME_BASE = "@rpath";
				INFOPLIST_FILE = Sourcing/Info.plist;
				INSTALL_PATH = "$(LOCAL_LIBRARY_DIR)/Frameworks";
				IPHONEOS_DEPLOYMENT_TARGET = 8.4;
				LD_RUNPATH_SEARCH_PATHS = "$(inherited) @executable_path/Frameworks @loader_path/Frameworks";
				PRODUCT_BUNDLE_IDENTIFIER = de.freiraum.Sourcing;
				PRODUCT_NAME = "$(TARGET_NAME)";
				PROVISIONING_PROFILE_SPECIFIER = 2UNP9S73JZ;
				SKIP_INSTALL = YES;
				SWIFT_OPTIMIZATION_LEVEL = "-Onone";
			};
			name = Debug;
		};
		9432D2651CF5ABC300B72986 /* Release */ = {
			isa = XCBuildConfiguration;
			buildSettings = {
				CLANG_ENABLE_MODULES = YES;
				"CODE_SIGN_IDENTITY[sdk=iphoneos*]" = "";
				DEFINES_MODULE = YES;
				DYLIB_COMPATIBILITY_VERSION = 1;
				DYLIB_CURRENT_VERSION = 1;
				DYLIB_INSTALL_NAME_BASE = "@rpath";
				INFOPLIST_FILE = Sourcing/Info.plist;
				INSTALL_PATH = "$(LOCAL_LIBRARY_DIR)/Frameworks";
				IPHONEOS_DEPLOYMENT_TARGET = 8.4;
				LD_RUNPATH_SEARCH_PATHS = "$(inherited) @executable_path/Frameworks @loader_path/Frameworks";
				PRODUCT_BUNDLE_IDENTIFIER = de.freiraum.Sourcing;
				PRODUCT_NAME = "$(TARGET_NAME)";
				PROVISIONING_PROFILE_SPECIFIER = 2UNP9S73JZ;
				SKIP_INSTALL = YES;
			};
			name = Release;
		};
		9432D2671CF5ABC300B72986 /* Debug */ = {
			isa = XCBuildConfiguration;
			buildSettings = {
				INFOPLIST_FILE = SourcingTests/Info.plist;
				LD_RUNPATH_SEARCH_PATHS = "$(inherited) @executable_path/Frameworks @loader_path/Frameworks";
				PRODUCT_BUNDLE_IDENTIFIER = de.freiraum.SourcingTests;
				PRODUCT_NAME = "$(TARGET_NAME)";
			};
			name = Debug;
		};
		9432D2681CF5ABC300B72986 /* Release */ = {
			isa = XCBuildConfiguration;
			buildSettings = {
				INFOPLIST_FILE = SourcingTests/Info.plist;
				LD_RUNPATH_SEARCH_PATHS = "$(inherited) @executable_path/Frameworks @loader_path/Frameworks";
				PRODUCT_BUNDLE_IDENTIFIER = de.freiraum.SourcingTests;
				PRODUCT_NAME = "$(TARGET_NAME)";
			};
			name = Release;
		};
/* End XCBuildConfiguration section */

/* Begin XCConfigurationList section */
		9432D2491CF5ABC300B72986 /* Build configuration list for PBXProject "Sourcing" */ = {
			isa = XCConfigurationList;
			buildConfigurations = (
				9432D2611CF5ABC300B72986 /* Debug */,
				9432D2621CF5ABC300B72986 /* Release */,
			);
			defaultConfigurationIsVisible = 0;
			defaultConfigurationName = Release;
		};
		9432D2631CF5ABC300B72986 /* Build configuration list for PBXNativeTarget "Sourcing" */ = {
			isa = XCConfigurationList;
			buildConfigurations = (
				9432D2641CF5ABC300B72986 /* Debug */,
				9432D2651CF5ABC300B72986 /* Release */,
			);
			defaultConfigurationIsVisible = 0;
			defaultConfigurationName = Release;
		};
		9432D2661CF5ABC300B72986 /* Build configuration list for PBXNativeTarget "SourcingTests" */ = {
			isa = XCConfigurationList;
			buildConfigurations = (
				9432D2671CF5ABC300B72986 /* Debug */,
				9432D2681CF5ABC300B72986 /* Release */,
			);
			defaultConfigurationIsVisible = 0;
			defaultConfigurationName = Release;
		};
/* End XCConfigurationList section */
	};
	rootObject = 9432D2461CF5ABC300B72986 /* Project object */;
}
