// !$*UTF8*$!
{
	archiveVersion = 1;
	classes = {
	};
	objectVersion = 46;
	objects = {

/* Begin PBXBuildFile section */
		9432D2531CF5ABC300B72986 /* Sourcing.h in Headers */ = {isa = PBXBuildFile; fileRef = 9432D2521CF5ABC300B72986 /* Sourcing.h */; settings = {ATTRIBUTES = (Public, ); }; };
		9432D25A1CF5ABC300B72986 /* Sourcing.framework in Frameworks */ = {isa = PBXBuildFile; fileRef = 9432D24F1CF5ABC300B72986 /* Sourcing.framework */; };
		9432D25F1CF5ABC300B72986 /* SourcingTests.swift in Sources */ = {isa = PBXBuildFile; fileRef = 9432D25E1CF5ABC300B72986 /* SourcingTests.swift */; };
		9432D26A1CF5AC7C00B72986 /* MultiCellCollectionViewDataSource.swift in Sources */ = {isa = PBXBuildFile; fileRef = 9432D2691CF5AC7C00B72986 /* MultiCellCollectionViewDataSource.swift */; };
		9432D26C1CF5ACC800B72986 /* ConfigurableCell.swift in Sources */ = {isa = PBXBuildFile; fileRef = 9432D26B1CF5ACC800B72986 /* ConfigurableCell.swift */; };
		9432D2701CF5ACE700B72986 /* CollectionViewDataSource.swift in Sources */ = {isa = PBXBuildFile; fileRef = 9432D26D1CF5ACE700B72986 /* CollectionViewDataSource.swift */; };
		9432D2711CF5ACE700B72986 /* DataProviding.swift in Sources */ = {isa = PBXBuildFile; fileRef = 9432D26E1CF5ACE700B72986 /* DataProviding.swift */; };
		9432D2741CF5ACFC00B72986 /* TableViewDataSource.swift in Sources */ = {isa = PBXBuildFile; fileRef = 9432D2731CF5ACFC00B72986 /* TableViewDataSource.swift */; };
		9432D2791CF5AE2000B72986 /* CellDequeable.swift in Sources */ = {isa = PBXBuildFile; fileRef = 9432D2781CF5AE2000B72986 /* CellDequeable.swift */; };
		9432D27B1CF5AE6200B72986 /* CellConfiguration.swift in Sources */ = {isa = PBXBuildFile; fileRef = 9432D27A1CF5AE6200B72986 /* CellConfiguration.swift */; };
		948E51BF1CF8AFB700FFFD62 /* MultiCellTableViewDataSource.swift in Sources */ = {isa = PBXBuildFile; fileRef = 948E51BE1CF8AFB700FFFD62 /* MultiCellTableViewDataSource.swift */; };
		948E51C31CF8BA0400FFFD62 /* ArrayDataProvider.swift in Sources */ = {isa = PBXBuildFile; fileRef = 948E51C21CF8BA0400FFFD62 /* ArrayDataProvider.swift */; };
		C6C4B71C1D506A1600DED64E /* TableViewDataSourcing.swift in Sources */ = {isa = PBXBuildFile; fileRef = C6C4B71B1D506A1600DED64E /* TableViewDataSourcing.swift */; };
		C6F913181D506BC800B0535C /* DataProviderUpdate.swift in Sources */ = {isa = PBXBuildFile; fileRef = C6F913171D506BC800B0535C /* DataProviderUpdate.swift */; };
		C6F9131A1D506C1200B0535C /* StaticCellDequeable.swift in Sources */ = {isa = PBXBuildFile; fileRef = C6F913191D506C1200B0535C /* StaticCellDequeable.swift */; };
		C6F9131F1D5073D000B0535C /* CollectionViewDataSourcing.swift in Sources */ = {isa = PBXBuildFile; fileRef = C6F9131E1D5073D000B0535C /* CollectionViewDataSourcing.swift */; };
/* End PBXBuildFile section */

/* Begin PBXContainerItemProxy section */
		9432D25B1CF5ABC300B72986 /* PBXContainerItemProxy */ = {
			isa = PBXContainerItemProxy;
			containerPortal = 9432D2461CF5ABC300B72986 /* Project object */;
			proxyType = 1;
			remoteGlobalIDString = 9432D24E1CF5ABC300B72986;
			remoteInfo = Sourcing;
		};
/* End PBXContainerItemProxy section */

/* Begin PBXFileReference section */
		9432D24F1CF5ABC300B72986 /* Sourcing.framework */ = {isa = PBXFileReference; explicitFileType = wrapper.framework; includeInIndex = 0; path = Sourcing.framework; sourceTree = BUILT_PRODUCTS_DIR; };
		9432D2521CF5ABC300B72986 /* Sourcing.h */ = {isa = PBXFileReference; lastKnownFileType = sourcecode.c.h; path = Sourcing.h; sourceTree = "<group>"; };
		9432D2541CF5ABC300B72986 /* Info.plist */ = {isa = PBXFileReference; lastKnownFileType = text.plist.xml; path = Info.plist; sourceTree = "<group>"; };
		9432D2591CF5ABC300B72986 /* SourcingTests.xctest */ = {isa = PBXFileReference; explicitFileType = wrapper.cfbundle; includeInIndex = 0; path = SourcingTests.xctest; sourceTree = BUILT_PRODUCTS_DIR; };
		9432D25E1CF5ABC300B72986 /* SourcingTests.swift */ = {isa = PBXFileReference; lastKnownFileType = sourcecode.swift; path = SourcingTests.swift; sourceTree = "<group>"; };
		9432D2601CF5ABC300B72986 /* Info.plist */ = {isa = PBXFileReference; lastKnownFileType = text.plist.xml; path = Info.plist; sourceTree = "<group>"; };
		9432D2691CF5AC7C00B72986 /* MultiCellCollectionViewDataSource.swift */ = {isa = PBXFileReference; fileEncoding = 4; lastKnownFileType = sourcecode.swift; path = MultiCellCollectionViewDataSource.swift; sourceTree = "<group>"; };
		9432D26B1CF5ACC800B72986 /* ConfigurableCell.swift */ = {isa = PBXFileReference; fileEncoding = 4; lastKnownFileType = sourcecode.swift; path = ConfigurableCell.swift; sourceTree = "<group>"; };
		9432D26D1CF5ACE700B72986 /* CollectionViewDataSource.swift */ = {isa = PBXFileReference; fileEncoding = 4; lastKnownFileType = sourcecode.swift; path = CollectionViewDataSource.swift; sourceTree = "<group>"; };
		9432D26E1CF5ACE700B72986 /* DataProviding.swift */ = {isa = PBXFileReference; fileEncoding = 4; lastKnownFileType = sourcecode.swift; path = DataProviding.swift; sourceTree = "<group>"; };
		9432D2731CF5ACFC00B72986 /* TableViewDataSource.swift */ = {isa = PBXFileReference; fileEncoding = 4; lastKnownFileType = sourcecode.swift; path = TableViewDataSource.swift; sourceTree = "<group>"; };
		9432D2781CF5AE2000B72986 /* CellDequeable.swift */ = {isa = PBXFileReference; fileEncoding = 4; lastKnownFileType = sourcecode.swift; path = CellDequeable.swift; sourceTree = "<group>"; };
		9432D27A1CF5AE6200B72986 /* CellConfiguration.swift */ = {isa = PBXFileReference; fileEncoding = 4; lastKnownFileType = sourcecode.swift; path = CellConfiguration.swift; sourceTree = "<group>"; };
		948E51BE1CF8AFB700FFFD62 /* MultiCellTableViewDataSource.swift */ = {isa = PBXFileReference; fileEncoding = 4; lastKnownFileType = sourcecode.swift; path = MultiCellTableViewDataSource.swift; sourceTree = "<group>"; };
		948E51C21CF8BA0400FFFD62 /* ArrayDataProvider.swift */ = {isa = PBXFileReference; fileEncoding = 4; lastKnownFileType = sourcecode.swift; path = ArrayDataProvider.swift; sourceTree = "<group>"; };
		C6C4B71B1D506A1600DED64E /* TableViewDataSourcing.swift */ = {isa = PBXFileReference; fileEncoding = 4; lastKnownFileType = sourcecode.swift; path = TableViewDataSourcing.swift; sourceTree = "<group>"; };
		C6F913171D506BC800B0535C /* DataProviderUpdate.swift */ = {isa = PBXFileReference; fileEncoding = 4; lastKnownFileType = sourcecode.swift; path = DataProviderUpdate.swift; sourceTree = "<group>"; };
		C6F913191D506C1200B0535C /* StaticCellDequeable.swift */ = {isa = PBXFileReference; fileEncoding = 4; lastKnownFileType = sourcecode.swift; path = StaticCellDequeable.swift; sourceTree = "<group>"; };
		C6F9131E1D5073D000B0535C /* CollectionViewDataSourcing.swift */ = {isa = PBXFileReference; fileEncoding = 4; lastKnownFileType = sourcecode.swift; path = CollectionViewDataSourcing.swift; sourceTree = "<group>"; };
/* End PBXFileReference section */

/* Begin PBXFrameworksBuildPhase section */
		9432D24B1CF5ABC300B72986 /* Frameworks */ = {
			isa = PBXFrameworksBuildPhase;
			buildActionMask = 2147483647;
			files = (
			);
			runOnlyForDeploymentPostprocessing = 0;
		};
		9432D2561CF5ABC300B72986 /* Frameworks */ = {
			isa = PBXFrameworksBuildPhase;
			buildActionMask = 2147483647;
			files = (
				9432D25A1CF5ABC300B72986 /* Sourcing.framework in Frameworks */,
			);
			runOnlyForDeploymentPostprocessing = 0;
		};
/* End PBXFrameworksBuildPhase section */

/* Begin PBXGroup section */
		9432D2451CF5ABC300B72986 = {
			isa = PBXGroup;
			children = (
				9432D2511CF5ABC300B72986 /* Sourcing */,
				9432D25D1CF5ABC300B72986 /* SourcingTests */,
				9432D2501CF5ABC300B72986 /* Products */,
			);
			sourceTree = "<group>";
		};
		9432D2501CF5ABC300B72986 /* Products */ = {
			isa = PBXGroup;
			children = (
				9432D24F1CF5ABC300B72986 /* Sourcing.framework */,
				9432D2591CF5ABC300B72986 /* SourcingTests.xctest */,
			);
			name = Products;
			sourceTree = "<group>";
		};
		9432D2511CF5ABC300B72986 /* Sourcing */ = {
			isa = PBXGroup;
			children = (
				9432D2751CF5AD5B00B72986 /* protocols */,
				C6F9131D1D5072B400B0535C /* provider */,
				9432D27A1CF5AE6200B72986 /* CellConfiguration.swift */,
				9432D2731CF5ACFC00B72986 /* TableViewDataSource.swift */,
				948E51BE1CF8AFB700FFFD62 /* MultiCellTableViewDataSource.swift */,
				9432D26D1CF5ACE700B72986 /* CollectionViewDataSource.swift */,
				9432D2691CF5AC7C00B72986 /* MultiCellCollectionViewDataSource.swift */,
				9432D2521CF5ABC300B72986 /* Sourcing.h */,
				9432D2541CF5ABC300B72986 /* Info.plist */,
			);
			path = Sourcing;
			sourceTree = "<group>";
		};
		9432D25D1CF5ABC300B72986 /* SourcingTests */ = {
			isa = PBXGroup;
			children = (
				9432D25E1CF5ABC300B72986 /* SourcingTests.swift */,
				9432D2601CF5ABC300B72986 /* Info.plist */,
			);
			path = SourcingTests;
			sourceTree = "<group>";
		};
		9432D2751CF5AD5B00B72986 /* protocols */ = {
			isa = PBXGroup;
			children = (
				9432D26E1CF5ACE700B72986 /* DataProviding.swift */,
				9432D26B1CF5ACC800B72986 /* ConfigurableCell.swift */,
				9432D2781CF5AE2000B72986 /* CellDequeable.swift */,
				C6F913191D506C1200B0535C /* StaticCellDequeable.swift */,
				C6C4B71B1D506A1600DED64E /* TableViewDataSourcing.swift */,
				C6F9131E1D5073D000B0535C /* CollectionViewDataSourcing.swift */,
			);
			name = protocols;
			sourceTree = "<group>";
		};
		C6F9131D1D5072B400B0535C /* provider */ = {
			isa = PBXGroup;
			children = (
				C6F913171D506BC800B0535C /* DataProviderUpdate.swift */,
				948E51C21CF8BA0400FFFD62 /* ArrayDataProvider.swift */,
			);
			name = provider;
			sourceTree = "<group>";
		};
/* End PBXGroup section */

/* Begin PBXHeadersBuildPhase section */
		9432D24C1CF5ABC300B72986 /* Headers */ = {
			isa = PBXHeadersBuildPhase;
			buildActionMask = 2147483647;
			files = (
				9432D2531CF5ABC300B72986 /* Sourcing.h in Headers */,
			);
			runOnlyForDeploymentPostprocessing = 0;
		};
/* End PBXHeadersBuildPhase section */

/* Begin PBXNativeTarget section */
		9432D24E1CF5ABC300B72986 /* Sourcing */ = {
			isa = PBXNativeTarget;
			buildConfigurationList = 9432D2631CF5ABC300B72986 /* Build configuration list for PBXNativeTarget "Sourcing" */;
			buildPhases = (
				9432D24A1CF5ABC300B72986 /* Sources */,
				9432D24B1CF5ABC300B72986 /* Frameworks */,
				9432D24C1CF5ABC300B72986 /* Headers */,
				9432D24D1CF5ABC300B72986 /* Resources */,
			);
			buildRules = (
			);
			dependencies = (
			);
			name = Sourcing;
			productName = Sourcing;
			productReference = 9432D24F1CF5ABC300B72986 /* Sourcing.framework */;
			productType = "com.apple.product-type.framework";
		};
		9432D2581CF5ABC300B72986 /* SourcingTests */ = {
			isa = PBXNativeTarget;
			buildConfigurationList = 9432D2661CF5ABC300B72986 /* Build configuration list for PBXNativeTarget "SourcingTests" */;
			buildPhases = (
				9432D2551CF5ABC300B72986 /* Sources */,
				9432D2561CF5ABC300B72986 /* Frameworks */,
				9432D2571CF5ABC300B72986 /* Resources */,
			);
			buildRules = (
			);
			dependencies = (
				9432D25C1CF5ABC300B72986 /* PBXTargetDependency */,
			);
			name = SourcingTests;
			productName = SourcingTests;
			productReference = 9432D2591CF5ABC300B72986 /* SourcingTests.xctest */;
			productType = "com.apple.product-type.bundle.unit-test";
		};
/* End PBXNativeTarget section */

/* Begin PBXProject section */
		9432D2461CF5ABC300B72986 /* Project object */ = {
			isa = PBXProject;
			attributes = {
				LastSwiftUpdateCheck = 0730;
				LastUpgradeCheck = 0730;
				ORGANIZATIONNAME = "Lukas Schmidt";
				TargetAttributes = {
					9432D24E1CF5ABC300B72986 = {
						CreatedOnToolsVersion = 7.3.1;
					};
					9432D2581CF5ABC300B72986 = {
						CreatedOnToolsVersion = 7.3.1;
					};
				};
			};
			buildConfigurationList = 9432D2491CF5ABC300B72986 /* Build configuration list for PBXProject "Sourcing" */;
			compatibilityVersion = "Xcode 3.2";
			developmentRegion = English;
			hasScannedForEncodings = 0;
			knownRegions = (
				en,
			);
			mainGroup = 9432D2451CF5ABC300B72986;
			productRefGroup = 9432D2501CF5ABC300B72986 /* Products */;
			projectDirPath = "";
			projectRoot = "";
			targets = (
				9432D24E1CF5ABC300B72986 /* Sourcing */,
				9432D2581CF5ABC300B72986 /* SourcingTests */,
			);
		};
/* End PBXProject section */

/* Begin PBXResourcesBuildPhase section */
		9432D24D1CF5ABC300B72986 /* Resources */ = {
			isa = PBXResourcesBuildPhase;
			buildActionMask = 2147483647;
			files = (
			);
			runOnlyForDeploymentPostprocessing = 0;
		};
		9432D2571CF5ABC300B72986 /* Resources */ = {
			isa = PBXResourcesBuildPhase;
			buildActionMask = 2147483647;
			files = (
			);
			runOnlyForDeploymentPostprocessing = 0;
		};
/* End PBXResourcesBuildPhase section */

/* Begin PBXSourcesBuildPhase section */
		9432D24A1CF5ABC300B72986 /* Sources */ = {
			isa = PBXSourcesBuildPhase;
			buildActionMask = 2147483647;
			files = (
				C6F913181D506BC800B0535C /* DataProviderUpdate.swift in Sources */,
				9432D2741CF5ACFC00B72986 /* TableViewDataSource.swift in Sources */,
				9432D26C1CF5ACC800B72986 /* ConfigurableCell.swift in Sources */,
				9432D2701CF5ACE700B72986 /* CollectionViewDataSource.swift in Sources */,
				C6C4B71C1D506A1600DED64E /* TableViewDataSourcing.swift in Sources */,
				9432D2711CF5ACE700B72986 /* DataProviding.swift in Sources */,
				9432D27B1CF5AE6200B72986 /* CellConfiguration.swift in Sources */,
				9432D2791CF5AE2000B72986 /* CellDequeable.swift in Sources */,
				C6F9131F1D5073D000B0535C /* CollectionViewDataSourcing.swift in Sources */,
				C6F9131A1D506C1200B0535C /* StaticCellDequeable.swift in Sources */,
				948E51C31CF8BA0400FFFD62 /* ArrayDataProvider.swift in Sources */,
				948E51BF1CF8AFB700FFFD62 /* MultiCellTableViewDataSource.swift in Sources */,
				9432D26A1CF5AC7C00B72986 /* MultiCellCollectionViewDataSource.swift in Sources */,
			);
			runOnlyForDeploymentPostprocessing = 0;
		};
		9432D2551CF5ABC300B72986 /* Sources */ = {
			isa = PBXSourcesBuildPhase;
			buildActionMask = 2147483647;
			files = (
				9432D25F1CF5ABC300B72986 /* SourcingTests.swift in Sources */,
			);
			runOnlyForDeploymentPostprocessing = 0;
		};
/* End PBXSourcesBuildPhase section */

/* Begin PBXTargetDependency section */
		9432D25C1CF5ABC300B72986 /* PBXTargetDependency */ = {
			isa = PBXTargetDependency;
			target = 9432D24E1CF5ABC300B72986 /* Sourcing */;
			targetProxy = 9432D25B1CF5ABC300B72986 /* PBXContainerItemProxy */;
		};
/* End PBXTargetDependency section */

/* Begin XCBuildConfiguration section */
		9432D2611CF5ABC300B72986 /* Debug */ = {
			isa = XCBuildConfiguration;
			buildSettings = {
				ALWAYS_SEARCH_USER_PATHS = NO;
				CLANG_ANALYZER_NONNULL = YES;
				CLANG_CXX_LANGUAGE_STANDARD = "gnu++0x";
				CLANG_CXX_LIBRARY = "libc++";
				CLANG_ENABLE_MODULES = YES;
				CLANG_ENABLE_OBJC_ARC = YES;
				CLANG_WARN_BOOL_CONVERSION = YES;
				CLANG_WARN_CONSTANT_CONVERSION = YES;
				CLANG_WARN_DIRECT_OBJC_ISA_USAGE = YES_ERROR;
				CLANG_WARN_EMPTY_BODY = YES;
				CLANG_WARN_ENUM_CONVERSION = YES;
				CLANG_WARN_INT_CONVERSION = YES;
				CLANG_WARN_OBJC_ROOT_CLASS = YES_ERROR;
				CLANG_WARN_UNREACHABLE_CODE = YES;
				CLANG_WARN__DUPLICATE_METHOD_MATCH = YES;
				"CODE_SIGN_IDENTITY[sdk=iphoneos*]" = "iPhone Developer";
				COPY_PHASE_STRIP = NO;
				CURRENT_PROJECT_VERSION = 1;
				DEBUG_INFORMATION_FORMAT = dwarf;
				ENABLE_STRICT_OBJC_MSGSEND = YES;
				ENABLE_TESTABILITY = YES;
				GCC_C_LANGUAGE_STANDARD = gnu99;
				GCC_DYNAMIC_NO_PIC = NO;
				GCC_NO_COMMON_BLOCKS = YES;
				GCC_OPTIMIZATION_LEVEL = 0;
				GCC_PREPROCESSOR_DEFINITIONS = (
					"DEBUG=1",
					"$(inherited)",
				);
				GCC_WARN_64_TO_32_BIT_CONVERSION = YES;
				GCC_WARN_ABOUT_RETURN_TYPE = YES_ERROR;
				GCC_WARN_UNDECLARED_SELECTOR = YES;
				GCC_WARN_UNINITIALIZED_AUTOS = YES_AGGRESSIVE;
				GCC_WARN_UNUSED_FUNCTION = YES;
				GCC_WARN_UNUSED_VARIABLE = YES;
				IPHONEOS_DEPLOYMENT_TARGET = 9.3;
				MTL_ENABLE_DEBUG_INFO = YES;
				ONLY_ACTIVE_ARCH = YES;
				SDKROOT = iphoneos;
				SWIFT_OPTIMIZATION_LEVEL = "-Onone";
				TARGETED_DEVICE_FAMILY = "1,2";
				VERSIONING_SYSTEM = "apple-generic";
				VERSION_INFO_PREFIX = "";
			};
			name = Debug;
		};
		9432D2621CF5ABC300B72986 /* Release */ = {
			isa = XCBuildConfiguration;
			buildSettings = {
				ALWAYS_SEARCH_USER_PATHS = NO;
				CLANG_ANALYZER_NONNULL = YES;
				CLANG_CXX_LANGUAGE_STANDARD = "gnu++0x";
				CLANG_CXX_LIBRARY = "libc++";
				CLANG_ENABLE_MODULES = YES;
				CLANG_ENABLE_OBJC_ARC = YES;
				CLANG_WARN_BOOL_CONVERSION = YES;
				CLANG_WARN_CONSTANT_CONVERSION = YES;
				CLANG_WARN_DIRECT_OBJC_ISA_USAGE = YES_ERROR;
				CLANG_WARN_EMPTY_BODY = YES;
				CLANG_WARN_ENUM_CONVERSION = YES;
				CLANG_WARN_INT_CONVERSION = YES;
				CLANG_WARN_OBJC_ROOT_CLASS = YES_ERROR;
				CLANG_WARN_UNREACHABLE_CODE = YES;
				CLANG_WARN__DUPLICATE_METHOD_MATCH = YES;
				"CODE_SIGN_IDENTITY[sdk=iphoneos*]" = "iPhone Developer";
				COPY_PHASE_STRIP = NO;
				CURRENT_PROJECT_VERSION = 1;
				DEBUG_INFORMATION_FORMAT = "dwarf-with-dsym";
				ENABLE_NS_ASSERTIONS = NO;
				ENABLE_STRICT_OBJC_MSGSEND = YES;
				GCC_C_LANGUAGE_STANDARD = gnu99;
				GCC_NO_COMMON_BLOCKS = YES;
				GCC_WARN_64_TO_32_BIT_CONVERSION = YES;
				GCC_WARN_ABOUT_RETURN_TYPE = YES_ERROR;
				GCC_WARN_UNDECLARED_SELECTOR = YES;
				GCC_WARN_UNINITIALIZED_AUTOS = YES_AGGRESSIVE;
				GCC_WARN_UNUSED_FUNCTION = YES;
				GCC_WARN_UNUSED_VARIABLE = YES;
				IPHONEOS_DEPLOYMENT_TARGET = 9.3;
				MTL_ENABLE_DEBUG_INFO = NO;
				SDKROOT = iphoneos;
				TARGETED_DEVICE_FAMILY = "1,2";
				VALIDATE_PRODUCT = YES;
				VERSIONING_SYSTEM = "apple-generic";
				VERSION_INFO_PREFIX = "";
			};
			name = Release;
		};
		9432D2641CF5ABC300B72986 /* Debug */ = {
			isa = XCBuildConfiguration;
			buildSettings = {
				CLANG_ENABLE_MODULES = YES;
				DEFINES_MODULE = YES;
				DYLIB_COMPATIBILITY_VERSION = 1;
				DYLIB_CURRENT_VERSION = 1;
				DYLIB_INSTALL_NAME_BASE = "@rpath";
				INFOPLIST_FILE = Sourcing/Info.plist;
				INSTALL_PATH = "$(LOCAL_LIBRARY_DIR)/Frameworks";
				IPHONEOS_DEPLOYMENT_TARGET = 8.4;
				LD_RUNPATH_SEARCH_PATHS = "$(inherited) @executable_path/Frameworks @loader_path/Frameworks";
				PRODUCT_BUNDLE_IDENTIFIER = de.freiraum.Sourcing;
				PRODUCT_NAME = "$(TARGET_NAME)";
				SKIP_INSTALL = YES;
				SWIFT_OPTIMIZATION_LEVEL = "-Onone";
			};
			name = Debug;
		};
		9432D2651CF5ABC300B72986 /* Release */ = {
			isa = XCBuildConfiguration;
			buildSettings = {
				CLANG_ENABLE_MODULES = YES;
				DEFINES_MODULE = YES;
				DYLIB_COMPATIBILITY_VERSION = 1;
				DYLIB_CURRENT_VERSION = 1;
				DYLIB_INSTALL_NAME_BASE = "@rpath";
				INFOPLIST_FILE = Sourcing/Info.plist;
				INSTALL_PATH = "$(LOCAL_LIBRARY_DIR)/Frameworks";
				IPHONEOS_DEPLOYMENT_TARGET = 8.4;
				LD_RUNPATH_SEARCH_PATHS = "$(inherited) @executable_path/Frameworks @loader_path/Frameworks";
				PRODUCT_BUNDLE_IDENTIFIER = de.freiraum.Sourcing;
				PRODUCT_NAME = "$(TARGET_NAME)";
				SKIP_INSTALL = YES;
			};
			name = Release;
		};
		9432D2671CF5ABC300B72986 /* Debug */ = {
			isa = XCBuildConfiguration;
			buildSettings = {
				INFOPLIST_FILE = SourcingTests/Info.plist;
				LD_RUNPATH_SEARCH_PATHS = "$(inherited) @executable_path/Frameworks @loader_path/Frameworks";
				PRODUCT_BUNDLE_IDENTIFIER = de.freiraum.SourcingTests;
				PRODUCT_NAME = "$(TARGET_NAME)";
			};
			name = Debug;
		};
		9432D2681CF5ABC300B72986 /* Release */ = {
			isa = XCBuildConfiguration;
			buildSettings = {
				INFOPLIST_FILE = SourcingTests/Info.plist;
				LD_RUNPATH_SEARCH_PATHS = "$(inherited) @executable_path/Frameworks @loader_path/Frameworks";
				PRODUCT_BUNDLE_IDENTIFIER = de.freiraum.SourcingTests;
				PRODUCT_NAME = "$(TARGET_NAME)";
			};
			name = Release;
		};
/* End XCBuildConfiguration section */

/* Begin XCConfigurationList section */
		9432D2491CF5ABC300B72986 /* Build configuration list for PBXProject "Sourcing" */ = {
			isa = XCConfigurationList;
			buildConfigurations = (
				9432D2611CF5ABC300B72986 /* Debug */,
				9432D2621CF5ABC300B72986 /* Release */,
			);
			defaultConfigurationIsVisible = 0;
			defaultConfigurationName = Release;
		};
		9432D2631CF5ABC300B72986 /* Build configuration list for PBXNativeTarget "Sourcing" */ = {
			isa = XCConfigurationList;
			buildConfigurations = (
				9432D2641CF5ABC300B72986 /* Debug */,
				9432D2651CF5ABC300B72986 /* Release */,
			);
			defaultConfigurationIsVisible = 0;
			defaultConfigurationName = Release;
		};
		9432D2661CF5ABC300B72986 /* Build configuration list for PBXNativeTarget "SourcingTests" */ = {
			isa = XCConfigurationList;
			buildConfigurations = (
				9432D2671CF5ABC300B72986 /* Debug */,
				9432D2681CF5ABC300B72986 /* Release */,
			);
			defaultConfigurationIsVisible = 0;
			defaultConfigurationName = Release;
		};
/* End XCConfigurationList section */
	};
	rootObject = 9432D2461CF5ABC300B72986 /* Project object */;
}
